{
  "originHash" : "07bf85e27bf41ba79ac06022795daf4b0b7b0843b27347e9d2f47125a6eedc72",
  "pins" : [
    {
      "identity" : "liter-llm",
      "kind" : "remoteSourceControl",
      "location" : "https://github.com/kreuzberg-dev/liter-llm.git",
      "state" : {
        "revision" : "6c5d5ba30a1789c0a4306cecf47ab4a10795ee98",
        "version" : "1.4.0-rc.59"
      }
    }
  ],
  "version" : 3
}
