{
  "originHash" : "a6748cb48fac1a5008a85f69ac6c953eca401742c5174b9040b3b204ffd21122",
  "pins" : [
    {
      "identity" : "liter-llm",
      "kind" : "remoteSourceControl",
      "location" : "https://github.com/kreuzberg-dev/liter-llm.git",
      "state" : {
        "revision" : "c3c330349380206d2fedeba1ac5c50ccb7ef3dde",
        "version" : "1.4.0-rc.33"
      }
    }
  ],
  "version" : 3
}
